// !$*UTF8*$!
{
	archiveVersion = 1;
	classes = {
	};
	objectVersion = 46;
	objects = {

/* Begin PBXBuildFile section */
		8459BD2B1C8CFAE100674EE6 /* main.cpp in Sources */ = {isa = PBXBuildFile; fileRef = 8459BD2A1C8CFAE100674EE6 /* main.cpp */; };
		84E414FD1C94EDBA00A45926 /* ErrorsCatchers.cpp in Sources */ = {isa = PBXBuildFile; fileRef = 84E414FC1C94EDBA00A45926 /* ErrorsCatchers.cpp */; };
		84E414FF1C94EDD900A45926 /* BigIntLib.cpp in Sources */ = {isa = PBXBuildFile; fileRef = 84E414FE1C94EDD900A45926 /* BigIntLib.cpp */; };
/* End PBXBuildFile section */

/* Begin PBXCopyFilesBuildPhase section */
		8459BD251C8CFAE100674EE6 /* CopyFiles */ = {
			isa = PBXCopyFilesBuildPhase;
			buildActionMask = 2147483647;
			dstPath = /usr/share/man/man1/;
			dstSubfolderSpec = 0;
			files = (
			);
			runOnlyForDeploymentPostprocessing = 1;
		};
/* End PBXCopyFilesBuildPhase section */

/* Begin PBXFileReference section */
		8459BD271C8CFAE100674EE6 /* Task2 */ = {isa = PBXFileReference; explicitFileType = "compiled.mach-o.executable"; includeInIndex = 0; path = Task2; sourceTree = BUILT_PRODUCTS_DIR; };
		8459BD2A1C8CFAE100674EE6 /* main.cpp */ = {isa = PBXFileReference; lastKnownFileType = sourcecode.cpp.cpp; path = main.cpp; sourceTree = "<group>"; };
		8459BD321C8CFB1800674EE6 /* BigIntLib.hpp */ = {isa = PBXFileReference; fileEncoding = 4; lastKnownFileType = sourcecode.cpp.h; path = BigIntLib.hpp; sourceTree = "<group>"; };
		84E414FA1C94EBDA00A45926 /* ErrorsCatchers.hpp */ = {isa = PBXFileReference; fileEncoding = 4; lastKnownFileType = sourcecode.cpp.h; name = ErrorsCatchers.hpp; path = ../ErrorsCatchers.hpp; sourceTree = "<group>"; };
		84E414FC1C94EDBA00A45926 /* ErrorsCatchers.cpp */ = {isa = PBXFileReference; fileEncoding = 4; lastKnownFileType = sourcecode.cpp.cpp; path = ErrorsCatchers.cpp; sourceTree = "<group>"; };
		84E414FE1C94EDD900A45926 /* BigIntLib.cpp */ = {isa = PBXFileReference; fileEncoding = 4; lastKnownFileType = sourcecode.cpp.cpp; path = BigIntLib.cpp; sourceTree = "<group>"; };
/* End PBXFileReference section */

/* Begin PBXFrameworksBuildPhase section */
		8459BD241C8CFAE100674EE6 /* Frameworks */ = {
			isa = PBXFrameworksBuildPhase;
			buildActionMask = 2147483647;
			files = (
			);
			runOnlyForDeploymentPostprocessing = 0;
		};
/* End PBXFrameworksBuildPhase section */

/* Begin PBXGroup section */
		8459BD1E1C8CFAE000674EE6 = {
			isa = PBXGroup;
			children = (
				8459BD291C8CFAE100674EE6 /* Task2 */,
				8459BD281C8CFAE100674EE6 /* Products */,
			);
			sourceTree = "<group>";
		};
		8459BD281C8CFAE100674EE6 /* Products */ = {
			isa = PBXGroup;
			children = (
				8459BD271C8CFAE100674EE6 /* Task2 */,
			);
			name = Products;
			sourceTree = "<group>";
		};
		8459BD291C8CFAE100674EE6 /* Task2 */ = {
			isa = PBXGroup;
			children = (
				8459BD2A1C8CFAE100674EE6 /* main.cpp */,
				84E414FE1C94EDD900A45926 /* BigIntLib.cpp */,
				84E414FC1C94EDBA00A45926 /* ErrorsCatchers.cpp */,
				8459BD321C8CFB1800674EE6 /* BigIntLib.hpp */,
				84E414FA1C94EBDA00A45926 /* ErrorsCatchers.hpp */,
			);
			path = Task2;
			sourceTree = "<group>";
		};
/* End PBXGroup section */

/* Begin PBXNativeTarget section */
		8459BD261C8CFAE100674EE6 /* Task2 */ = {
			isa = PBXNativeTarget;
			buildConfigurationList = 8459BD2E1C8CFAE100674EE6 /* Build configuration list for PBXNativeTarget "Task2" */;
			buildPhases = (
				8459BD231C8CFAE100674EE6 /* Sources */,
				8459BD241C8CFAE100674EE6 /* Frameworks */,
				8459BD251C8CFAE100674EE6 /* CopyFiles */,
			);
			buildRules = (
			);
			dependencies = (
			);
			name = Task2;
			productName = Task2;
			productReference = 8459BD271C8CFAE100674EE6 /* Task2 */;
			productType = "com.apple.product-type.tool";
		};
/* End PBXNativeTarget section */

/* Begin PBXProject section */
		8459BD1F1C8CFAE100674EE6 /* Project object */ = {
			isa = PBXProject;
			attributes = {
				LastUpgradeCheck = 0720;
				ORGANIZATIONNAME = "Shant INC.";
				TargetAttributes = {
					8459BD261C8CFAE100674EE6 = {
						CreatedOnToolsVersion = 7.2;
					};
				};
			};
			buildConfigurationList = 8459BD221C8CFAE100674EE6 /* Build configuration list for PBXProject "Task2" */;
			compatibilityVersion = "Xcode 3.2";
			developmentRegion = English;
			hasScannedForEncodings = 0;
			knownRegions = (
				en,
			);
			mainGroup = 8459BD1E1C8CFAE000674EE6;
			productRefGroup = 8459BD281C8CFAE100674EE6 /* Products */;
			projectDirPath = "";
			projectRoot = "";
			targets = (
				8459BD261C8CFAE100674EE6 /* Task2 */,
			);
		};
/* End PBXProject section */

/* Begin PBXSourcesBuildPhase section */
		8459BD231C8CFAE100674EE6 /* Sources */ = {
			isa = PBXSourcesBuildPhase;
			buildActionMask = 2147483647;
			files = (
				8459BD2B1C8CFAE100674EE6 /* main.cpp in Sources */,
				84E414FF1C94EDD900A45926 /* BigIntLib.cpp in Sources */,
				84E414FD1C94EDBA00A45926 /* ErrorsCatchers.cpp in Sources */,
			);
			runOnlyForDeploymentPostprocessing = 0;
		};
/* End PBXSourcesBuildPhase section */

/* Begin XCBuildConfiguration section */
		8459BD2C1C8CFAE100674EE6 /* Debug */ = {
			isa = XCBuildConfiguration;
			buildSettings = {
				ALWAYS_SEARCH_USER_PATHS = NO;
				CLANG_CXX_LANGUAGE_STANDARD = "gnu++0x";
				CLANG_CXX_LIBRARY = "libc++";
				CLANG_ENABLE_MODULES = YES;
				CLANG_ENABLE_OBJC_ARC = YES;
				CLANG_WARN_BOOL_CONVERSION = YES;
				CLANG_WARN_CONSTANT_CONVERSION = YES;
				CLANG_WARN_DIRECT_OBJC_ISA_USAGE = YES_ERROR;
				CLANG_WARN_EMPTY_BODY = YES;
				CLANG_WARN_ENUM_CONVERSION = YES;
				CLANG_WARN_INT_CONVERSION = YES;
				CLANG_WARN_OBJC_ROOT_CLASS = YES_ERROR;
				CLANG_WARN_UNREACHABLE_CODE = YES;
				CLANG_WARN__DUPLICATE_METHOD_MATCH = YES;
				CODE_SIGN_IDENTITY = "-";
				COPY_PHASE_STRIP = NO;
				DEBUG_INFORMATION_FORMAT = dwarf;
				ENABLE_STRICT_OBJC_MSGSEND = YES;
				ENABLE_TESTABILITY = YES;
				GCC_C_LANGUAGE_STANDARD = gnu99;
				GCC_DYNAMIC_NO_PIC = NO;
				GCC_NO_COMMON_BLOCKS = YES;
				GCC_OPTIMIZATION_LEVEL = 0;
				GCC_PREPROCESSOR_DEFINITIONS = (
					"DEBUG=1",
					"$(inherited)",
				);
				GCC_WARN_64_TO_32_BIT_CONVERSION = YES;
				GCC_WARN_ABOUT_RETURN_TYPE = YES_ERROR;
				GCC_WARN_UNDECLARED_SELECTOR = YES;
				GCC_WARN_UNINITIALIZED_AUTOS = YES_AGGRESSIVE;
				GCC_WARN_UNUSED_FUNCTION = YES;
				GCC_WARN_UNUSED_VARIABLE = YES;
				MACOSX_DEPLOYMENT_TARGET = 10.11;
				MTL_ENABLE_DEBUG_INFO = YES;
				ONLY_ACTIVE_ARCH = YES;
				SDKROOT = macosx;
			};
			name = Debug;
		};
		8459BD2D1C8CFAE100674EE6 /* Release */ = {
			isa = XCBuildConfiguration;
			buildSettings = {
				ALWAYS_SEARCH_USER_PATHS = NO;
				CLANG_CXX_LANGUAGE_STANDARD = "gnu++0x";
				CLANG_CXX_LIBRARY = "libc++";
				CLANG_ENABLE_MODULES = YES;
				CLANG_ENABLE_OBJC_ARC = YES;
				CLANG_WARN_BOOL_CONVERSION = YES;
				CLANG_WARN_CONSTANT_CONVERSION = YES;
				CLANG_WARN_DIRECT_OBJC_ISA_USAGE = YES_ERROR;
				CLANG_WARN_EMPTY_BODY = YES;
				CLANG_WARN_ENUM_CONVERSION = YES;
				CLANG_WARN_INT_CONVERSION = YES;
				CLANG_WARN_OBJC_ROOT_CLASS = YES_ERROR;
				CLANG_WARN_UNREACHABLE_CODE = YES;
				CLANG_WARN__DUPLICATE_METHOD_MATCH = YES;
				CODE_SIGN_IDENTITY = "-";
				COPY_PHASE_STRIP = NO;
				DEBUG_INFORMATION_FORMAT = "dwarf-with-dsym";
				ENABLE_NS_ASSERTIONS = NO;
				ENABLE_STRICT_OBJC_MSGSEND = YES;
				GCC_C_LANGUAGE_STANDARD = gnu99;
				GCC_NO_COMMON_BLOCKS = YES;
				GCC_WARN_64_TO_32_BIT_CONVERSION = YES;
				GCC_WARN_ABOUT_RETURN_TYPE = YES_ERROR;
				GCC_WARN_UNDECLARED_SELECTOR = YES;
				GCC_WARN_UNINITIALIZED_AUTOS = YES_AGGRESSIVE;
				GCC_WARN_UNUSED_FUNCTION = YES;
				GCC_WARN_UNUSED_VARIABLE = YES;
				MACOSX_DEPLOYMENT_TARGET = 10.11;
				MTL_ENABLE_DEBUG_INFO = NO;
				SDKROOT = macosx;
			};
			name = Release;
		};
		8459BD2F1C8CFAE100674EE6 /* Debug */ = {
			isa = XCBuildConfiguration;
			buildSettings = {
				PRODUCT_NAME = "$(TARGET_NAME)";
			};
			name = Debug;
		};
		8459BD301C8CFAE100674EE6 /* Release */ = {
			isa = XCBuildConfiguration;
			buildSettings = {
				PRODUCT_NAME = "$(TARGET_NAME)";
			};
			name = Release;
		};
/* End XCBuildConfiguration section */

/* Begin XCConfigurationList section */
		8459BD221C8CFAE100674EE6 /* Build configuration list for PBXProject "Task2" */ = {
			isa = XCConfigurationList;
			buildConfigurations = (
				8459BD2C1C8CFAE100674EE6 /* Debug */,
				8459BD2D1C8CFAE100674EE6 /* Release */,
			);
			defaultConfigurationIsVisible = 0;
			defaultConfigurationName = Release;
		};
		8459BD2E1C8CFAE100674EE6 /* Build configuration list for PBXNativeTarget "Task2" */ = {
			isa = XCConfigurationList;
			buildConfigurations = (
				8459BD2F1C8CFAE100674EE6 /* Debug */,
				8459BD301C8CFAE100674EE6 /* Release */,
			);
			defaultConfigurationIsVisible = 0;
			defaultConfigurationName = Release;
		};
/* End XCConfigurationList section */
	};
	rootObject = 8459BD1F1C8CFAE100674EE6 /* Project object */;
}
